
Microsoft Visual Studio Solution File, Format Version 12.00
# Visual Studio Version 16
VisualStudioVersion = 16.0.31727.386
MinimumVisualStudioVersion = 10.0.40219.1
Project("{FAE04EC0-301F-11D3-BF4B-00C04F79EFBC}") = "TG.Manager.Service", "TG.Manager.Service\TG.Manager.Service.csproj", "{D9F79B49-77F4-450E-8873-17BF11CF13CB}"
EndProject
Global
	GlobalSection(SolutionConfigurationPlatforms) = preSolution
		Debug|Any CPU = Debug|Any CPU
		Release|Any CPU = Release|Any CPU
	EndGlobalSection
	GlobalSection(ProjectConfigurationPlatforms) = postSolution
		{D9F79B49-77F4-450E-8873-17BF11CF13CB}.Debug|Any CPU.ActiveCfg = Debug|Any CPU
		{D9F79B49-77F4-450E-8873-17BF11CF13CB}.Debug|Any CPU.Build.0 = Debug|Any CPU
		{D9F79B49-77F4-450E-8873-17BF11CF13CB}.Release|Any CPU.ActiveCfg = Release|Any CPU
		{D9F79B49-77F4-450E-8873-17BF11CF13CB}.Release|Any CPU.Build.0 = Release|Any CPU
	EndGlobalSection
	GlobalSection(SolutionProperties) = preSolution
		HideSolutionNode = FALSE
	EndGlobalSection
	GlobalSection(ExtensibilityGlobals) = postSolution
		SolutionGuid = {DD96C61C-0640-4018-BBB0-BD9C87BEAF7C}
	EndGlobalSection
EndGlobal
